
Microsoft Visual Studio Solution File, Format Version 12.00
# Visual Studio Version 17
VisualStudioVersion = 17.7.34202.233
MinimumVisualStudioVersion = 10.0.40219.1
Project("{FAE04EC0-301F-11D3-BF4B-00C04F79EFBC}") = "IndividualWork", "IndividualWork\IndividualWork.csproj", "{452D4B9A-6A85-48DA-A53F-877C5C97D941}"
EndProject
Global
	GlobalSection(SolutionConfigurationPlatforms) = preSolution
		Debug|Any CPU = Debug|Any CPU
		Release|Any CPU = Release|Any CPU
	EndGlobalSection
	GlobalSection(ProjectConfigurationPlatforms) = postSolution
		{452D4B9A-6A85-48DA-A53F-877C5C97D941}.Debug|Any CPU.ActiveCfg = Debug|Any CPU
		{452D4B9A-6A85-48DA-A53F-877C5C97D941}.Debug|Any CPU.Build.0 = Debug|Any CPU
		{452D4B9A-6A85-48DA-A53F-877C5C97D941}.Release|Any CPU.ActiveCfg = Release|Any CPU
		{452D4B9A-6A85-48DA-A53F-877C5C97D941}.Release|Any CPU.Build.0 = Release|Any CPU
	EndGlobalSection
	GlobalSection(SolutionProperties) = preSolution
		HideSolutionNode = FALSE
	EndGlobalSection
	GlobalSection(ExtensibilityGlobals) = postSolution
		SolutionGuid = {BD15EFBE-9B58-4DAA-85E7-3C25C8EFB580}
	EndGlobalSection
EndGlobal
